
Microsoft Visual Studio Solution File, Format Version 12.00
# Visual Studio Version 17
VisualStudioVersion = 17.11.35327.3
MinimumVisualStudioVersion = 10.0.40219.1
Project("{FAE04EC0-301F-11D3-BF4B-00C04F79EFBC}") = "Vektorel.SqlOnConsole", "Vektorel.SqlOnConsole\Vektorel.SqlOnConsole.csproj", "{3CF18D56-AD4E-4DC7-AD19-D5EE189FD370}"
EndProject
Project("{FAE04EC0-301F-11D3-BF4B-00C04F79EFBC}") = "Vektorel.Sql.FormApp", "Vektorel.Sql.FormApp\Vektorel.Sql.FormApp.csproj", "{DD1CC66D-F000-4851-8597-56074F2F2F73}"
EndProject
Global
	GlobalSection(SolutionConfigurationPlatforms) = preSolution
		Debug|Any CPU = Debug|Any CPU
		Release|Any CPU = Release|Any CPU
	EndGlobalSection
	GlobalSection(ProjectConfigurationPlatforms) = postSolution
		{3CF18D56-AD4E-4DC7-AD19-D5EE189FD370}.Debug|Any CPU.ActiveCfg = Debug|Any CPU
		{3CF18D56-AD4E-4DC7-AD19-D5EE189FD370}.Debug|Any CPU.Build.0 = Debug|Any CPU
		{3CF18D56-AD4E-4DC7-AD19-D5EE189FD370}.Release|Any CPU.ActiveCfg = Release|Any CPU
		{3CF18D56-AD4E-4DC7-AD19-D5EE189FD370}.Release|Any CPU.Build.0 = Release|Any CPU
		{DD1CC66D-F000-4851-8597-56074F2F2F73}.Debug|Any CPU.ActiveCfg = Debug|Any CPU
		{DD1CC66D-F000-4851-8597-56074F2F2F73}.Debug|Any CPU.Build.0 = Debug|Any CPU
		{DD1CC66D-F000-4851-8597-56074F2F2F73}.Release|Any CPU.ActiveCfg = Release|Any CPU
		{DD1CC66D-F000-4851-8597-56074F2F2F73}.Release|Any CPU.Build.0 = Release|Any CPU
	EndGlobalSection
	GlobalSection(SolutionProperties) = preSolution
		HideSolutionNode = FALSE
	EndGlobalSection
	GlobalSection(ExtensibilityGlobals) = postSolution
		SolutionGuid = {19A6A57B-D9F8-4141-8EF1-C9FB85EAE31F}
	EndGlobalSection
EndGlobal
